// !$*UTF8*$!
{
	archiveVersion = 1;
	classes = {
	};
	objectVersion = 50;
	objects = {

/* Begin PBXBuildFile section */
		A2249B86245583B6009A97EE /* AppDelegate.swift in Sources */ = {isa = PBXBuildFile; fileRef = A2249B85245583B6009A97EE /* AppDelegate.swift */; };
		A2249B88245583B6009A97EE /* SceneDelegate.swift in Sources */ = {isa = PBXBuildFile; fileRef = A2249B87245583B6009A97EE /* SceneDelegate.swift */; };
		A2249B8A245583B6009A97EE /* ViewController.swift in Sources */ = {isa = PBXBuildFile; fileRef = A2249B89245583B6009A97EE /* ViewController.swift */; };
		A2249B8D245583B6009A97EE /* Main.storyboard in Resources */ = {isa = PBXBuildFile; fileRef = A2249B8B245583B6009A97EE /* Main.storyboard */; };
		A2249B8F245583BB009A97EE /* Assets.xcassets in Resources */ = {isa = PBXBuildFile; fileRef = A2249B8E245583BB009A97EE /* Assets.xcassets */; };
		A2249B92245583BB009A97EE /* LaunchScreen.storyboard in Resources */ = {isa = PBXBuildFile; fileRef = A2249B90245583BB009A97EE /* LaunchScreen.storyboard */; };
		A2249B9A245591F8009A97EE /* CollectionViewCell.swift in Sources */ = {isa = PBXBuildFile; fileRef = A2249B99245591F8009A97EE /* CollectionViewCell.swift */; };
/* End PBXBuildFile section */

/* Begin PBXFileReference section */
		A2249B82245583B6009A97EE /* yu-gi-ou.app */ = {isa = PBXFileReference; explicitFileType = wrapper.application; includeInIndex = 0; path = "yu-gi-ou.app"; sourceTree = BUILT_PRODUCTS_DIR; };
		A2249B85245583B6009A97EE /* AppDelegate.swift */ = {isa = PBXFileReference; lastKnownFileType = sourcecode.swift; path = AppDelegate.swift; sourceTree = "<group>"; };
		A2249B87245583B6009A97EE /* SceneDelegate.swift */ = {isa = PBXFileReference; lastKnownFileType = sourcecode.swift; path = SceneDelegate.swift; sourceTree = "<group>"; };
		A2249B89245583B6009A97EE /* ViewController.swift */ = {isa = PBXFileReference; lastKnownFileType = sourcecode.swift; path = ViewController.swift; sourceTree = "<group>"; };
		A2249B8C245583B6009A97EE /* Base */ = {isa = PBXFileReference; lastKnownFileType = file.storyboard; name = Base; path = Base.lproj/Main.storyboard; sourceTree = "<group>"; };
		A2249B8E245583BB009A97EE /* Assets.xcassets */ = {isa = PBXFileReference; lastKnownFileType = folder.assetcatalog; path = Assets.xcassets; sourceTree = "<group>"; };
		A2249B91245583BB009A97EE /* Base */ = {isa = PBXFileReference; lastKnownFileType = file.storyboard; name = Base; path = Base.lproj/LaunchScreen.storyboard; sourceTree = "<group>"; };
		A2249B93245583BB009A97EE /* Info.plist */ = {isa = PBXFileReference; lastKnownFileType = text.plist.xml; path = Info.plist; sourceTree = "<group>"; };
		A2249B99245591F8009A97EE /* CollectionViewCell.swift */ = {isa = PBXFileReference; lastKnownFileType = sourcecode.swift; path = CollectionViewCell.swift; sourceTree = "<group>"; };
/* End PBXFileReference section */

/* Begin PBXFrameworksBuildPhase section */
		A2249B7F245583B6009A97EE /* Frameworks */ = {
			isa = PBXFrameworksBuildPhase;
			buildActionMask = 2147483647;
			files = (
			);
			runOnlyForDeploymentPostprocessing = 0;
		};
/* End PBXFrameworksBuildPhase section */

/* Begin PBXGroup section */
		A2249B79245583B6009A97EE = {
			isa = PBXGroup;
			children = (
				A2249B84245583B6009A97EE /* yu-gi-ou */,
				A2249B83245583B6009A97EE /* Products */,
			);
			sourceTree = "<group>";
		};
		A2249B83245583B6009A97EE /* Products */ = {
			isa = PBXGroup;
			children = (
				A2249B82245583B6009A97EE /* yu-gi-ou.app */,
			);
			name = Products;
			sourceTree = "<group>";
		};
		A2249B84245583B6009A97EE /* yu-gi-ou */ = {
			isa = PBXGroup;
			children = (
				A2249B85245583B6009A97EE /* AppDelegate.swift */,
				A2249B87245583B6009A97EE /* SceneDelegate.swift */,
				A2249B89245583B6009A97EE /* ViewController.swift */,
				A2249B99245591F8009A97EE /* CollectionViewCell.swift */,
				A2249B8B245583B6009A97EE /* Main.storyboard */,
				A2249B8E245583BB009A97EE /* Assets.xcassets */,
				A2249B90245583BB009A97EE /* LaunchScreen.storyboard */,
				A2249B93245583BB009A97EE /* Info.plist */,
			);
			path = "yu-gi-ou";
			sourceTree = "<group>";
		};
/* End PBXGroup section */

/* Begin PBXNativeTarget section */
		A2249B81245583B6009A97EE /* yu-gi-ou */ = {
			isa = PBXNativeTarget;
			buildConfigurationList = A2249B96245583BB009A97EE /* Build configuration list for PBXNativeTarget "yu-gi-ou" */;
			buildPhases = (
				A2249B7E245583B6009A97EE /* Sources */,
				A2249B7F245583B6009A97EE /* Frameworks */,
				A2249B80245583B6009A97EE /* Resources */,
			);
			buildRules = (
			);
			dependencies = (
			);
			name = "yu-gi-ou";
			productName = "yu-gi-ou";
			productReference = A2249B82245583B6009A97EE /* yu-gi-ou.app */;
			productType = "com.apple.product-type.application";
		};
/* End PBXNativeTarget section */

/* Begin PBXProject section */
		A2249B7A245583B6009A97EE /* Project object */ = {
			isa = PBXProject;
			attributes = {
				LastSwiftUpdateCheck = 1120;
				LastUpgradeCheck = 1120;
				ORGANIZATIONNAME = "小谷快晴";
				TargetAttributes = {
					A2249B81245583B6009A97EE = {
						CreatedOnToolsVersion = 11.2.1;
					};
				};
			};
			buildConfigurationList = A2249B7D245583B6009A97EE /* Build configuration list for PBXProject "yu-gi-ou" */;
			compatibilityVersion = "Xcode 9.3";
			developmentRegion = en;
			hasScannedForEncodings = 0;
			knownRegions = (
				en,
				Base,
			);
			mainGroup = A2249B79245583B6009A97EE;
			productRefGroup = A2249B83245583B6009A97EE /* Products */;
			projectDirPath = "";
			projectRoot = "";
			targets = (
				A2249B81245583B6009A97EE /* yu-gi-ou */,
			);
		};
/* End PBXProject section */

/* Begin PBXResourcesBuildPhase section */
		A2249B80245583B6009A97EE /* Resources */ = {
			isa = PBXResourcesBuildPhase;
			buildActionMask = 2147483647;
			files = (
				A2249B92245583BB009A97EE /* LaunchScreen.storyboard in Resources */,
				A2249B8F245583BB009A97EE /* Assets.xcassets in Resources */,
				A2249B8D245583B6009A97EE /* Main.storyboard in Resources */,
			);
			runOnlyForDeploymentPostprocessing = 0;
		};
/* End PBXResourcesBuildPhase section */

/* Begin PBXSourcesBuildPhase section */
		A2249B7E245583B6009A97EE /* Sources */ = {
			isa = PBXSourcesBuildPhase;
			buildActionMask = 2147483647;
			files = (
				A2249B8A245583B6009A97EE /* ViewController.swift in Sources */,
				A2249B86245583B6009A97EE /* AppDelegate.swift in Sources */,
				A2249B9A245591F8009A97EE /* CollectionViewCell.swift in Sources */,
				A2249B88245583B6009A97EE /* SceneDelegate.swift in Sources */,
			);
			runOnlyForDeploymentPostprocessing = 0;
		};
/* End PBXSourcesBuildPhase section */

/* Begin PBXVariantGroup section */
		A2249B8B245583B6009A97EE /* Main.storyboard */ = {
			isa = PBXVariantGroup;
			children = (
				A2249B8C245583B6009A97EE /* Base */,
			);
			name = Main.storyboard;
			sourceTree = "<group>";
		};
		A2249B90245583BB009A97EE /* LaunchScreen.storyboard */ = {
			isa = PBXVariantGroup;
			children = (
				A2249B91245583BB009A97EE /* Base */,
			);
			name = LaunchScreen.storyboard;
			sourceTree = "<group>";
		};
/* End PBXVariantGroup section */

/* Begin XCBuildConfiguration section */
		A2249B94245583BB009A97EE /* Debug */ = {
			isa = XCBuildConfiguration;
			buildSettings = {
				ALWAYS_SEARCH_USER_PATHS = NO;
				CLANG_ANALYZER_NONNULL = YES;
				CLANG_ANALYZER_NUMBER_OBJECT_CONVERSION = YES_AGGRESSIVE;
				CLANG_CXX_LANGUAGE_STANDARD = "gnu++14";
				CLANG_CXX_LIBRARY = "libc++";
				CLANG_ENABLE_MODULES = YES;
				CLANG_ENABLE_OBJC_ARC = YES;
				CLANG_ENABLE_OBJC_WEAK = YES;
				CLANG_WARN_BLOCK_CAPTURE_AUTORELEASING = YES;
				CLANG_WARN_BOOL_CONVERSION = YES;
				CLANG_WARN_COMMA = YES;
				CLANG_WARN_CONSTANT_CONVERSION = YES;
				CLANG_WARN_DEPRECATED_OBJC_IMPLEMENTATIONS = YES;
				CLANG_WARN_DIRECT_OBJC_ISA_USAGE = YES_ERROR;
				CLANG_WARN_DOCUMENTATION_COMMENTS = YES;
				CLANG_WARN_EMPTY_BODY = YES;
				CLANG_WARN_ENUM_CONVERSION = YES;
				CLANG_WARN_INFINITE_RECURSION = YES;
				CLANG_WARN_INT_CONVERSION = YES;
				CLANG_WARN_NON_LITERAL_NULL_CONVERSION = YES;
				CLANG_WARN_OBJC_IMPLICIT_RETAIN_SELF = YES;
				CLANG_WARN_OBJC_LITERAL_CONVERSION = YES;
				CLANG_WARN_OBJC_ROOT_CLASS = YES_ERROR;
				CLANG_WARN_RANGE_LOOP_ANALYSIS = YES;
				CLANG_WARN_STRICT_PROTOTYPES = YES;
				CLANG_WARN_SUSPICIOUS_MOVE = YES;
				CLANG_WARN_UNGUARDED_AVAILABILITY = YES_AGGRESSIVE;
				CLANG_WARN_UNREACHABLE_CODE = YES;
				CLANG_WARN__DUPLICATE_METHOD_MATCH = YES;
				COPY_PHASE_STRIP = NO;
				DEBUG_INFORMATION_FORMAT = dwarf;
				ENABLE_STRICT_OBJC_MSGSEND = YES;
				ENABLE_TESTABILITY = YES;
				GCC_C_LANGUAGE_STANDARD = gnu11;
				GCC_DYNAMIC_NO_PIC = NO;
				GCC_NO_COMMON_BLOCKS = YES;
				GCC_OPTIMIZATION_LEVEL = 0;
				GCC_PREPROCESSOR_DEFINITIONS = (
					"DEBUG=1",
					"$(inherited)",
				);
				GCC_WARN_64_TO_32_BIT_CONVERSION = YES;
				GCC_WARN_ABOUT_RETURN_TYPE = YES_ERROR;
				GCC_WARN_UNDECLARED_SELECTOR = YES;
				GCC_WARN_UNINITIALIZED_AUTOS = YES_AGGRESSIVE;
				GCC_WARN_UNUSED_FUNCTION = YES;
				GCC_WARN_UNUSED_VARIABLE = YES;
				IPHONEOS_DEPLOYMENT_TARGET = 13.2;
				MTL_ENABLE_DEBUG_INFO = INCLUDE_SOURCE;
				MTL_FAST_MATH = YES;
				ONLY_ACTIVE_ARCH = YES;
				SDKROOT = iphoneos;
				SWIFT_ACTIVE_COMPILATION_CONDITIONS = DEBUG;
				SWIFT_OPTIMIZATION_LEVEL = "-Onone";
			};
			name = Debug;
		};
		A2249B95245583BB009A97EE /* Release */ = {
			isa = XCBuildConfiguration;
			buildSettings = {
				ALWAYS_SEARCH_USER_PATHS = NO;
				CLANG_ANALYZER_NONNULL = YES;
				CLANG_ANALYZER_NUMBER_OBJECT_CONVERSION = YES_AGGRESSIVE;
				CLANG_CXX_LANGUAGE_STANDARD = "gnu++14";
				CLANG_CXX_LIBRARY = "libc++";
				CLANG_ENABLE_MODULES = YES;
				CLANG_ENABLE_OBJC_ARC = YES;
				CLANG_ENABLE_OBJC_WEAK = YES;
				CLANG_WARN_BLOCK_CAPTURE_AUTORELEASING = YES;
				CLANG_WARN_BOOL_CONVERSION = YES;
				CLANG_WARN_COMMA = YES;
				CLANG_WARN_CONSTANT_CONVERSION = YES;
				CLANG_WARN_DEPRECATED_OBJC_IMPLEMENTATIONS = YES;
				CLANG_WARN_DIRECT_OBJC_ISA_USAGE = YES_ERROR;
				CLANG_WARN_DOCUMENTATION_COMMENTS = YES;
				CLANG_WARN_EMPTY_BODY = YES;
				CLANG_WARN_ENUM_CONVERSION = YES;
				CLANG_WARN_INFINITE_RECURSION = YES;
				CLANG_WARN_INT_CONVERSION = YES;
				CLANG_WARN_NON_LITERAL_NULL_CONVERSION = YES;
				CLANG_WARN_OBJC_IMPLICIT_RETAIN_SELF = YES;
				CLANG_WARN_OBJC_LITERAL_CONVERSION = YES;
				CLANG_WARN_OBJC_ROOT_CLASS = YES_ERROR;
				CLANG_WARN_RANGE_LOOP_ANALYSIS = YES;
				CLANG_WARN_STRICT_PROTOTYPES = YES;
				CLANG_WARN_SUSPICIOUS_MOVE = YES;
				CLANG_WARN_UNGUARDED_AVAILABILITY = YES_AGGRESSIVE;
				CLANG_WARN_UNREACHABLE_CODE = YES;
				CLANG_WARN__DUPLICATE_METHOD_MATCH = YES;
				COPY_PHASE_STRIP = NO;
				DEBUG_INFORMATION_FORMAT = "dwarf-with-dsym";
				ENABLE_NS_ASSERTIONS = NO;
				ENABLE_STRICT_OBJC_MSGSEND = YES;
				GCC_C_LANGUAGE_STANDARD = gnu11;
				GCC_NO_COMMON_BLOCKS = YES;
				GCC_WARN_64_TO_32_BIT_CONVERSION = YES;
				GCC_WARN_ABOUT_RETURN_TYPE = YES_ERROR;
				GCC_WARN_UNDECLARED_SELECTOR = YES;
				GCC_WARN_UNINITIALIZED_AUTOS = YES_AGGRESSIVE;
				GCC_WARN_UNUSED_FUNCTION = YES;
				GCC_WARN_UNUSED_VARIABLE = YES;
				IPHONEOS_DEPLOYMENT_TARGET = 13.2;
				MTL_ENABLE_DEBUG_INFO = NO;
				MTL_FAST_MATH = YES;
				SDKROOT = iphoneos;
				SWIFT_COMPILATION_MODE = wholemodule;
				SWIFT_OPTIMIZATION_LEVEL = "-O";
				VALIDATE_PRODUCT = YES;
			};
			name = Release;
		};
		A2249B97245583BB009A97EE /* Debug */ = {
			isa = XCBuildConfiguration;
			buildSettings = {
				ASSETCATALOG_COMPILER_APPICON_NAME = AppIcon;
				CODE_SIGN_STYLE = Automatic;
				INFOPLIST_FILE = "yu-gi-ou/Info.plist";
				LD_RUNPATH_SEARCH_PATHS = (
					"$(inherited)",
					"@executable_path/Frameworks",
				);
				PRODUCT_BUNDLE_IDENTIFIER = "com.example.yu-gi-ou";
				PRODUCT_NAME = "$(TARGET_NAME)";
				SWIFT_VERSION = 5.0;
				TARGETED_DEVICE_FAMILY = "1,2";
			};
			name = Debug;
		};
		A2249B98245583BB009A97EE /* Release */ = {
			isa = XCBuildConfiguration;
			buildSettings = {
				ASSETCATALOG_COMPILER_APPICON_NAME = AppIcon;
				CODE_SIGN_STYLE = Automatic;
				INFOPLIST_FILE = "yu-gi-ou/Info.plist";
				LD_RUNPATH_SEARCH_PATHS = (
					"$(inherited)",
					"@executable_path/Frameworks",
				);
				PRODUCT_BUNDLE_IDENTIFIER = "com.example.yu-gi-ou";
				PRODUCT_NAME = "$(TARGET_NAME)";
				SWIFT_VERSION = 5.0;
				TARGETED_DEVICE_FAMILY = "1,2";
			};
			name = Release;
		};
/* End XCBuildConfiguration section */

/* Begin XCConfigurationList section */
		A2249B7D245583B6009A97EE /* Build configuration list for PBXProject "yu-gi-ou" */ = {
			isa = XCConfigurationList;
			buildConfigurations = (
				A2249B94245583BB009A97EE /* Debug */,
				A2249B95245583BB009A97EE /* Release */,
			);
			defaultConfigurationIsVisible = 0;
			defaultConfigurationName = Release;
		};
		A2249B96245583BB009A97EE /* Build configuration list for PBXNativeTarget "yu-gi-ou" */ = {
			isa = XCConfigurationList;
			buildConfigurations = (
				A2249B97245583BB009A97EE /* Debug */,
				A2249B98245583BB009A97EE /* Release */,
			);
			defaultConfigurationIsVisible = 0;
			defaultConfigurationName = Release;
		};
/* End XCConfigurationList section */
	};
	rootObject = A2249B7A245583B6009A97EE /* Project object */;
}
